// !$*UTF8*$!
{
	archiveVersion = 1;
	classes = {
	};
	objectVersion = 46;
	objects = {

/* Begin PBXBuildFile section */
		525C78751F5A5C0700E03F1D /* AppDelegate.swift in Sources */ = {isa = PBXBuildFile; fileRef = 525C78741F5A5C0700E03F1D /* AppDelegate.swift */; };
		525C78771F5A5C0700E03F1D /* ViewController.swift in Sources */ = {isa = PBXBuildFile; fileRef = 525C78761F5A5C0700E03F1D /* ViewController.swift */; };
		525C787A1F5A5C0700E03F1D /* Main.storyboard in Resources */ = {isa = PBXBuildFile; fileRef = 525C78781F5A5C0700E03F1D /* Main.storyboard */; };
		525C787C1F5A5C0700E03F1D /* Assets.xcassets in Resources */ = {isa = PBXBuildFile; fileRef = 525C787B1F5A5C0700E03F1D /* Assets.xcassets */; };
		525C787F1F5A5C0700E03F1D /* LaunchScreen.storyboard in Resources */ = {isa = PBXBuildFile; fileRef = 525C787D1F5A5C0700E03F1D /* LaunchScreen.storyboard */; };
		52C019411FBF4D0E009E62B8 /* SnipetView.xib in Resources */ = {isa = PBXBuildFile; fileRef = 52C019401FBF4D0E009E62B8 /* SnipetView.xib */; };
		52C019431FBF4D34009E62B8 /* SnipetView.swift in Sources */ = {isa = PBXBuildFile; fileRef = 52C019421FBF4D34009E62B8 /* SnipetView.swift */; };
/* End PBXBuildFile section */

/* Begin PBXFileReference section */
		525C78711F5A5C0700E03F1D /* practice01.app */ = {isa = PBXFileReference; explicitFileType = wrapper.application; includeInIndex = 0; path = practice01.app; sourceTree = BUILT_PRODUCTS_DIR; };
		525C78741F5A5C0700E03F1D /* AppDelegate.swift */ = {isa = PBXFileReference; lastKnownFileType = sourcecode.swift; path = AppDelegate.swift; sourceTree = "<group>"; };
		525C78761F5A5C0700E03F1D /* ViewController.swift */ = {isa = PBXFileReference; lastKnownFileType = sourcecode.swift; path = ViewController.swift; sourceTree = "<group>"; };
		525C78791F5A5C0700E03F1D /* Base */ = {isa = PBXFileReference; lastKnownFileType = file.storyboard; name = Base; path = Base.lproj/Main.storyboard; sourceTree = "<group>"; };
		525C787B1F5A5C0700E03F1D /* Assets.xcassets */ = {isa = PBXFileReference; lastKnownFileType = folder.assetcatalog; path = Assets.xcassets; sourceTree = "<group>"; };
		525C787E1F5A5C0700E03F1D /* Base */ = {isa = PBXFileReference; lastKnownFileType = file.storyboard; name = Base; path = Base.lproj/LaunchScreen.storyboard; sourceTree = "<group>"; };
		525C78801F5A5C0700E03F1D /* Info.plist */ = {isa = PBXFileReference; lastKnownFileType = text.plist.xml; path = Info.plist; sourceTree = "<group>"; };
		52C019401FBF4D0E009E62B8 /* SnipetView.xib */ = {isa = PBXFileReference; lastKnownFileType = file.xib; path = SnipetView.xib; sourceTree = "<group>"; };
		52C019421FBF4D34009E62B8 /* SnipetView.swift */ = {isa = PBXFileReference; lastKnownFileType = sourcecode.swift; path = SnipetView.swift; sourceTree = "<group>"; };
/* End PBXFileReference section */

/* Begin PBXFrameworksBuildPhase section */
		525C786E1F5A5C0700E03F1D /* Frameworks */ = {
			isa = PBXFrameworksBuildPhase;
			buildActionMask = 2147483647;
			files = (
			);
			runOnlyForDeploymentPostprocessing = 0;
		};
/* End PBXFrameworksBuildPhase section */

/* Begin PBXGroup section */
		525C78681F5A5C0700E03F1D = {
			isa = PBXGroup;
			children = (
				525C78731F5A5C0700E03F1D /* practice01 */,
				525C78721F5A5C0700E03F1D /* Products */,
			);
			sourceTree = "<group>";
		};
		525C78721F5A5C0700E03F1D /* Products */ = {
			isa = PBXGroup;
			children = (
				525C78711F5A5C0700E03F1D /* practice01.app */,
			);
			name = Products;
			sourceTree = "<group>";
		};
		525C78731F5A5C0700E03F1D /* practice01 */ = {
			isa = PBXGroup;
			children = (
				525C78741F5A5C0700E03F1D /* AppDelegate.swift */,
				525C78761F5A5C0700E03F1D /* ViewController.swift */,
				525C78781F5A5C0700E03F1D /* Main.storyboard */,
				52C019491FBFCD29009E62B8 /* view */,
				525C787B1F5A5C0700E03F1D /* Assets.xcassets */,
				525C787D1F5A5C0700E03F1D /* LaunchScreen.storyboard */,
				525C78801F5A5C0700E03F1D /* Info.plist */,
			);
			path = practice01;
			sourceTree = "<group>";
		};
		52C019491FBFCD29009E62B8 /* view */ = {
			isa = PBXGroup;
			children = (
				52C019421FBF4D34009E62B8 /* SnipetView.swift */,
				52C019401FBF4D0E009E62B8 /* SnipetView.xib */,
			);
			path = view;
			sourceTree = "<group>";
		};
/* End PBXGroup section */

/* Begin PBXNativeTarget section */
		525C78701F5A5C0700E03F1D /* practice01 */ = {
			isa = PBXNativeTarget;
			buildConfigurationList = 525C78831F5A5C0700E03F1D /* Build configuration list for PBXNativeTarget "practice01" */;
			buildPhases = (
				525C786D1F5A5C0700E03F1D /* Sources */,
				525C786E1F5A5C0700E03F1D /* Frameworks */,
				525C786F1F5A5C0700E03F1D /* Resources */,
			);
			buildRules = (
			);
			dependencies = (
			);
			name = practice01;
			productName = "Button_G's";
			productReference = 525C78711F5A5C0700E03F1D /* practice01.app */;
			productType = "com.apple.product-type.application";
		};
/* End PBXNativeTarget section */

/* Begin PBXProject section */
		525C78691F5A5C0700E03F1D /* Project object */ = {
			isa = PBXProject;
			attributes = {
				LastSwiftUpdateCheck = 0830;
				LastUpgradeCheck = 0830;
				ORGANIZATIONNAME = "中村太一";
				TargetAttributes = {
					525C78701F5A5C0700E03F1D = {
						CreatedOnToolsVersion = 8.3.3;
						ProvisioningStyle = Automatic;
					};
				};
			};
			buildConfigurationList = 525C786C1F5A5C0700E03F1D /* Build configuration list for PBXProject "practice01" */;
			compatibilityVersion = "Xcode 3.2";
			developmentRegion = English;
			hasScannedForEncodings = 0;
			knownRegions = (
				en,
				Base,
			);
			mainGroup = 525C78681F5A5C0700E03F1D;
			productRefGroup = 525C78721F5A5C0700E03F1D /* Products */;
			projectDirPath = "";
			projectRoot = "";
			targets = (
				525C78701F5A5C0700E03F1D /* practice01 */,
			);
		};
/* End PBXProject section */

/* Begin PBXResourcesBuildPhase section */
		525C786F1F5A5C0700E03F1D /* Resources */ = {
			isa = PBXResourcesBuildPhase;
			buildActionMask = 2147483647;
			files = (
				525C787F1F5A5C0700E03F1D /* LaunchScreen.storyboard in Resources */,
				52C019411FBF4D0E009E62B8 /* SnipetView.xib in Resources */,
				525C787C1F5A5C0700E03F1D /* Assets.xcassets in Resources */,
				525C787A1F5A5C0700E03F1D /* Main.storyboard in Resources */,
			);
			runOnlyForDeploymentPostprocessing = 0;
		};
/* End PBXResourcesBuildPhase section */

/* Begin PBXSourcesBuildPhase section */
		525C786D1F5A5C0700E03F1D /* Sources */ = {
			isa = PBXSourcesBuildPhase;
			buildActionMask = 2147483647;
			files = (
				525C78771F5A5C0700E03F1D /* ViewController.swift in Sources */,
				52C019431FBF4D34009E62B8 /* SnipetView.swift in Sources */,
				525C78751F5A5C0700E03F1D /* AppDelegate.swift in Sources */,
			);
			runOnlyForDeploymentPostprocessing = 0;
		};
/* End PBXSourcesBuildPhase section */

/* Begin PBXVariantGroup section */
		525C78781F5A5C0700E03F1D /* Main.storyboard */ = {
			isa = PBXVariantGroup;
			children = (
				525C78791F5A5C0700E03F1D /* Base */,
			);
			name = Main.storyboard;
			sourceTree = "<group>";
		};
		525C787D1F5A5C0700E03F1D /* LaunchScreen.storyboard */ = {
			isa = PBXVariantGroup;
			children = (
				525C787E1F5A5C0700E03F1D /* Base */,
			);
			name = LaunchScreen.storyboard;
			sourceTree = "<group>";
		};
/* End PBXVariantGroup section */

/* Begin XCBuildConfiguration section */
		525C78811F5A5C0700E03F1D /* Debug */ = {
			isa = XCBuildConfiguration;
			buildSettings = {
				ALWAYS_SEARCH_USER_PATHS = NO;
				CLANG_ANALYZER_NONNULL = YES;
				CLANG_ANALYZER_NUMBER_OBJECT_CONVERSION = YES_AGGRESSIVE;
				CLANG_CXX_LANGUAGE_STANDARD = "gnu++0x";
				CLANG_CXX_LIBRARY = "libc++";
				CLANG_ENABLE_MODULES = YES;
				CLANG_ENABLE_OBJC_ARC = YES;
				CLANG_WARN_BOOL_CONVERSION = YES;
				CLANG_WARN_CONSTANT_CONVERSION = YES;
				CLANG_WARN_DIRECT_OBJC_ISA_USAGE = YES_ERROR;
				CLANG_WARN_DOCUMENTATION_COMMENTS = YES;
				CLANG_WARN_EMPTY_BODY = YES;
				CLANG_WARN_ENUM_CONVERSION = YES;
				CLANG_WARN_INFINITE_RECURSION = YES;
				CLANG_WARN_INT_CONVERSION = YES;
				CLANG_WARN_OBJC_ROOT_CLASS = YES_ERROR;
				CLANG_WARN_SUSPICIOUS_MOVE = YES;
				CLANG_WARN_UNREACHABLE_CODE = YES;
				CLANG_WARN__DUPLICATE_METHOD_MATCH = YES;
				"CODE_SIGN_IDENTITY[sdk=iphoneos*]" = "iPhone Developer";
				COPY_PHASE_STRIP = NO;
				DEBUG_INFORMATION_FORMAT = dwarf;
				ENABLE_STRICT_OBJC_MSGSEND = YES;
				ENABLE_TESTABILITY = YES;
				GCC_C_LANGUAGE_STANDARD = gnu99;
				GCC_DYNAMIC_NO_PIC = NO;
				GCC_NO_COMMON_BLOCKS = YES;
				GCC_OPTIMIZATION_LEVEL = 0;
				GCC_PREPROCESSOR_DEFINITIONS = (
					"DEBUG=1",
					"$(inherited)",
				);
				GCC_WARN_64_TO_32_BIT_CONVERSION = YES;
				GCC_WARN_ABOUT_RETURN_TYPE = YES_ERROR;
				GCC_WARN_UNDECLARED_SELECTOR = YES;
				GCC_WARN_UNINITIALIZED_AUTOS = YES_AGGRESSIVE;
				GCC_WARN_UNUSED_FUNCTION = YES;
				GCC_WARN_UNUSED_VARIABLE = YES;
				IPHONEOS_DEPLOYMENT_TARGET = 11.1;
				MTL_ENABLE_DEBUG_INFO = YES;
				ONLY_ACTIVE_ARCH = YES;
				SDKROOT = iphoneos;
				SWIFT_ACTIVE_COMPILATION_CONDITIONS = DEBUG;
				SWIFT_OPTIMIZATION_LEVEL = "-Onone";
				TARGETED_DEVICE_FAMILY = "1,2";
			};
			name = Debug;
		};
		525C78821F5A5C0700E03F1D /* Release */ = {
			isa = XCBuildConfiguration;
			buildSettings = {
				ALWAYS_SEARCH_USER_PATHS = NO;
				CLANG_ANALYZER_NONNULL = YES;
				CLANG_ANALYZER_NUMBER_OBJECT_CONVERSION = YES_AGGRESSIVE;
				CLANG_CXX_LANGUAGE_STANDARD = "gnu++0x";
				CLANG_CXX_LIBRARY = "libc++";
				CLANG_ENABLE_MODULES = YES;
				CLANG_ENABLE_OBJC_ARC = YES;
				CLANG_WARN_BOOL_CONVERSION = YES;
				CLANG_WARN_CONSTANT_CONVERSION = YES;
				CLANG_WARN_DIRECT_OBJC_ISA_USAGE = YES_ERROR;
				CLANG_WARN_DOCUMENTATION_COMMENTS = YES;
				CLANG_WARN_EMPTY_BODY = YES;
				CLANG_WARN_ENUM_CONVERSION = YES;
				CLANG_WARN_INFINITE_RECURSION = YES;
				CLANG_WARN_INT_CONVERSION = YES;
				CLANG_WARN_OBJC_ROOT_CLASS = YES_ERROR;
				CLANG_WARN_SUSPICIOUS_MOVE = YES;
				CLANG_WARN_UNREACHABLE_CODE = YES;
				CLANG_WARN__DUPLICATE_METHOD_MATCH = YES;
				"CODE_SIGN_IDENTITY[sdk=iphoneos*]" = "iPhone Developer";
				COPY_PHASE_STRIP = NO;
				DEBUG_INFORMATION_FORMAT = "dwarf-with-dsym";
				ENABLE_NS_ASSERTIONS = NO;
				ENABLE_STRICT_OBJC_MSGSEND = YES;
				GCC_C_LANGUAGE_STANDARD = gnu99;
				GCC_NO_COMMON_BLOCKS = YES;
				GCC_WARN_64_TO_32_BIT_CONVERSION = YES;
				GCC_WARN_ABOUT_RETURN_TYPE = YES_ERROR;
				GCC_WARN_UNDECLARED_SELECTOR = YES;
				GCC_WARN_UNINITIALIZED_AUTOS = YES_AGGRESSIVE;
				GCC_WARN_UNUSED_FUNCTION = YES;
				GCC_WARN_UNUSED_VARIABLE = YES;
				IPHONEOS_DEPLOYMENT_TARGET = 11.1;
				MTL_ENABLE_DEBUG_INFO = NO;
				SDKROOT = iphoneos;
				SWIFT_OPTIMIZATION_LEVEL = "-Owholemodule";
				TARGETED_DEVICE_FAMILY = "1,2";
				VALIDATE_PRODUCT = YES;
			};
			name = Release;
		};
		525C78841F5A5C0700E03F1D /* Debug */ = {
			isa = XCBuildConfiguration;
			buildSettings = {
				ASSETCATALOG_COMPILER_APPICON_NAME = AppIcon;
				INFOPLIST_FILE = "$(SRCROOT)/practice01/Info.plist";
				IPHONEOS_DEPLOYMENT_TARGET = 11.1;
				LD_RUNPATH_SEARCH_PATHS = "$(inherited) @executable_path/Frameworks";
				PRODUCT_BUNDLE_IDENTIFIER = jp.co.asaichi.practice01;
				PRODUCT_NAME = "$(TARGET_NAME)";
				SWIFT_VERSION = 3.0;
			};
			name = Debug;
		};
		525C78851F5A5C0700E03F1D /* Release */ = {
			isa = XCBuildConfiguration;
			buildSettings = {
				ASSETCATALOG_COMPILER_APPICON_NAME = AppIcon;
				INFOPLIST_FILE = "$(SRCROOT)/practice01/Info.plist";
				IPHONEOS_DEPLOYMENT_TARGET = 11.1;
				LD_RUNPATH_SEARCH_PATHS = "$(inherited) @executable_path/Frameworks";
				PRODUCT_BUNDLE_IDENTIFIER = jp.co.asaichi.practice01;
				PRODUCT_NAME = "$(TARGET_NAME)";
				SWIFT_VERSION = 3.0;
			};
			name = Release;
		};
/* End XCBuildConfiguration section */

/* Begin XCConfigurationList section */
		525C786C1F5A5C0700E03F1D /* Build configuration list for PBXProject "practice01" */ = {
			isa = XCConfigurationList;
			buildConfigurations = (
				525C78811F5A5C0700E03F1D /* Debug */,
				525C78821F5A5C0700E03F1D /* Release */,
			);
			defaultConfigurationIsVisible = 0;
			defaultConfigurationName = Release;
		};
		525C78831F5A5C0700E03F1D /* Build configuration list for PBXNativeTarget "practice01" */ = {
			isa = XCConfigurationList;
			buildConfigurations = (
				525C78841F5A5C0700E03F1D /* Debug */,
				525C78851F5A5C0700E03F1D /* Release */,
			);
			defaultConfigurationIsVisible = 0;
			defaultConfigurationName = Release;
		};
/* End XCConfigurationList section */
	};
	rootObject = 525C78691F5A5C0700E03F1D /* Project object */;
}
